
Microsoft Visual Studio Solution File, Format Version 12.00
# Visual Studio 15
VisualStudioVersion = 15.0.28307.960
MinimumVisualStudioVersion = 10.0.40219.1
Project("{8BC9CEB8-8B4A-11D0-8D11-00A0C91BC942}") = "CastingDemo", "CastingDemo\CastingDemo.vcxproj", "{BECB66A5-EA2E-4A8F-BFA5-0C4FF01C7209}"
EndProject
Global
	GlobalSection(SolutionConfigurationPlatforms) = preSolution
		Debug|x64 = Debug|x64
		Debug|x86 = Debug|x86
		Release|x64 = Release|x64
		Release|x86 = Release|x86
	EndGlobalSection
	GlobalSection(ProjectConfigurationPlatforms) = postSolution
		{BECB66A5-EA2E-4A8F-BFA5-0C4FF01C7209}.Debug|x64.ActiveCfg = Debug|x64
		{BECB66A5-EA2E-4A8F-BFA5-0C4FF01C7209}.Debug|x64.Build.0 = Debug|x64
		{BECB66A5-EA2E-4A8F-BFA5-0C4FF01C7209}.Debug|x86.ActiveCfg = Debug|Win32
		{BECB66A5-EA2E-4A8F-BFA5-0C4FF01C7209}.Debug|x86.Build.0 = Debug|Win32
		{BECB66A5-EA2E-4A8F-BFA5-0C4FF01C7209}.Release|x64.ActiveCfg = Release|x64
		{BECB66A5-EA2E-4A8F-BFA5-0C4FF01C7209}.Release|x64.Build.0 = Release|x64
		{BECB66A5-EA2E-4A8F-BFA5-0C4FF01C7209}.Release|x86.ActiveCfg = Release|Win32
		{BECB66A5-EA2E-4A8F-BFA5-0C4FF01C7209}.Release|x86.Build.0 = Release|Win32
	EndGlobalSection
	GlobalSection(SolutionProperties) = preSolution
		HideSolutionNode = FALSE
	EndGlobalSection
	GlobalSection(ExtensibilityGlobals) = postSolution
		SolutionGuid = {47CF0B9C-4C65-4312-B7C9-F7CCE1D3EA74}
	EndGlobalSection
EndGlobal
